# THIS IS AN AUTOGENERATED FILE. DO NOT EDIT THIS FILE DIRECTLY.
# yarn lockfile v1


async-limiter@~1.0.0:
  version "1.0.0"
  resolved "https://registry.yarnpkg.com/async-limiter/-/async-limiter-1.0.0.tgz#78faed8c3d074ab81f22b4e985d79e8738f720f8"

bindings@1:
  version "1.3.0"
  resolved "https://registry.yarnpkg.com/bindings/-/bindings-1.3.0.tgz#b346f6ecf6a95f5a815c5839fc7cdb22502f1ed7"

bindings@~1.2.1:
  version "1.2.1"
  resolved "https://registry.yarnpkg.com/bindings/-/bindings-1.2.1.tgz#14ad6113812d2d37d72e67b4cacb4bb726505f11"

commander@^2.9.0:
  version "2.16.0"
  resolved "https://registry.yarnpkg.com/commander/-/commander-2.16.0.tgz#f16390593996ceb4f3eeb020b31d78528f7f8a50"

cross-fetch@^2.1.1:
  version "2.2.2"
  resolved "https://registry.yarnpkg.com/cross-fetch/-/cross-fetch-2.2.2.tgz#a47ff4f7fc712daba8f6a695a11c948440d45723"
  dependencies:
    node-fetch "2.1.2"
    whatwg-fetch "2.0.4"

debug@2:
  version "2.6.9"
  resolved "https://registry.yarnpkg.com/debug/-/debug-2.6.9.tgz#5d128515df134ff327e90a4c93f4e077a536341f"
  dependencies:
    ms "2.0.0"

discord.js@^11.3.2:
  version "11.3.2"
  resolved "https://registry.yarnpkg.com/discord.js/-/discord.js-11.3.2.tgz#3c4074c1cb1a4916582fb96ded5ffa1324411f95"
  dependencies:
    long "^4.0.0"
    prism-media "^0.0.2"
    snekfetch "^3.6.4"
    tweetnacl "^1.0.0"
    ws "^4.0.0"

ffmpeg@^0.0.4:
  version "0.0.4"
  resolved "https://registry.yarnpkg.com/ffmpeg/-/ffmpeg-0.0.4.tgz#1c460df8e7da5127f62ceef4bfa06c59c89630cb"
  dependencies:
    when ">= 0.0.1"

html-entities@^1.1.3:
  version "1.2.1"
  resolved "https://registry.yarnpkg.com/html-entities/-/html-entities-1.2.1.tgz#0df29351f0721163515dfb9e5543e5f6eed5162f"

iso8601-duration@^1.0.0:
  version "1.1.1"
  resolved "https://registry.yarnpkg.com/iso8601-duration/-/iso8601-duration-1.1.1.tgz#236379eaf0dd00255377fd73a6d487b34f91f915"

long@^4.0.0:
  version "4.0.0"
  resolved "https://registry.yarnpkg.com/long/-/long-4.0.0.tgz#9a7b71cfb7d361a194ea555241c92f7468d5bf28"

m3u8stream@^0.3.0:
  version "0.3.0"
  resolved "https://registry.yarnpkg.com/m3u8stream/-/m3u8stream-0.3.0.tgz#9b8255ad48b47d6069e755f22c84fce04c4e2697"
  dependencies:
    miniget "^1.1.0"

miniget@^1.1.0:
  version "1.2.0"
  resolved "https://registry.yarnpkg.com/miniget/-/miniget-1.2.0.tgz#0036373a26bbd52dbe6945fce6c8c0391e9e1241"

ms@2.0.0:
  version "2.0.0"
  resolved "https://registry.yarnpkg.com/ms/-/ms-2.0.0.tgz#5608aeadfc00be6c2901df5f9861788de0d597c8"

nan@2, nan@^2.10.0:
  version "2.10.0"
  resolved "https://registry.yarnpkg.com/nan/-/nan-2.10.0.tgz#96d0cd610ebd58d4b4de9cc0c6828cda99c7548f"

node-fetch@2.1.2:
  version "2.1.2"
  resolved "https://registry.yarnpkg.com/node-fetch/-/node-fetch-2.1.2.tgz#ab884e8e7e57e38a944753cec706f788d1768bb5"

node-opus@^0.3.0:
  version "0.3.0"
  resolved "https://registry.yarnpkg.com/node-opus/-/node-opus-0.3.0.tgz#d84a96ead8599084cd5a9899f096ce4576980a09"
  dependencies:
    bindings "~1.2.1"
    commander "^2.9.0"
    nan "^2.10.0"
  optionalDependencies:
    ogg-packet "^1.0.0"

ogg-packet@^1.0.0:
  version "1.0.0"
  resolved "https://registry.yarnpkg.com/ogg-packet/-/ogg-packet-1.0.0.tgz#45b885721ac8f7dd5cf22391d42106ae533ac678"
  dependencies:
    ref-struct "*"

opusscript@^0.0.6:
  version "0.0.6"
  resolved "https://registry.yarnpkg.com/opusscript/-/opusscript-0.0.6.tgz#cf492fc5fb2c819af296ae02eaa3cf210433c9ba"

prism-media@^0.0.2:
  version "0.0.2"
  resolved "https://registry.yarnpkg.com/prism-media/-/prism-media-0.0.2.tgz#aa917b084576c4df6488e4ea8e7d6d44aed4b411"

ref-struct@*:
  version "1.1.0"
  resolved "https://registry.yarnpkg.com/ref-struct/-/ref-struct-1.1.0.tgz#5d5ee65ad41cefc3a5c5feb40587261e479edc13"
  dependencies:
    debug "2"
    ref "1"

ref@1:
  version "1.3.5"
  resolved "https://registry.yarnpkg.com/ref/-/ref-1.3.5.tgz#0e33f080cdb94a3d95312b2b3b1fd0f82044ca0f"
  dependencies:
    bindings "1"
    debug "2"
    nan "2"

safe-buffer@~5.1.0:
  version "5.1.2"
  resolved "https://registry.yarnpkg.com/safe-buffer/-/safe-buffer-5.1.2.tgz#991ec69d296e0313747d59bdfd2b745c35f8828d"

sax@^1.1.3:
  version "1.2.4"
  resolved "https://registry.yarnpkg.com/sax/-/sax-1.2.4.tgz#2816234e2378bddc4e5354fab5caa895df7100d9"

simple-youtube-api@^5.0.2:
  version "5.0.2"
  resolved "https://registry.yarnpkg.com/simple-youtube-api/-/simple-youtube-api-5.0.2.tgz#655d1063b6242ce57525a58e802b7007ac3aab20"
  dependencies:
    cross-fetch "^2.1.1"
    iso8601-duration "^1.0.0"

snekfetch@^3.6.4:
  version "3.6.4"
  resolved "https://registry.yarnpkg.com/snekfetch/-/snekfetch-3.6.4.tgz#d13e80a616d892f3d38daae4289f4d258a645120"

tweetnacl@^1.0.0:
  version "1.0.0"
  resolved "https://registry.yarnpkg.com/tweetnacl/-/tweetnacl-1.0.0.tgz#713d8b818da42068740bf68386d0479e66fc8a7b"

whatwg-fetch@2.0.4:
  version "2.0.4"
  resolved "https://registry.yarnpkg.com/whatwg-fetch/-/whatwg-fetch-2.0.4.tgz#dde6a5df315f9d39991aa17621853d720b85566f"

"when@>= 0.0.1":
  version "3.7.8"
  resolved "https://registry.yarnpkg.com/when/-/when-3.7.8.tgz#c7130b6a7ea04693e842cdc9e7a1f2aa39a39f82"

ws@^4.0.0:
  version "4.1.0"
  resolved "https://registry.yarnpkg.com/ws/-/ws-4.1.0.tgz#a979b5d7d4da68bf54efe0408967c324869a7289"
  dependencies:
    async-limiter "~1.0.0"
    safe-buffer "~5.1.0"

ytdl-core@^0.21.1:
  version "0.21.1"
  resolved "https://registry.yarnpkg.com/ytdl-core/-/ytdl-core-0.21.1.tgz#34d9e177d7347f18478fe20f46b8bca7b9f65bf1"
  dependencies:
    html-entities "^1.1.3"
    m3u8stream "^0.3.0"
    miniget "^1.1.0"
    sax "^1.1.3"
